// !$*UTF8*$!
{
	archiveVersion = 1;
	classes = {
	};
	objectVersion = 46;
	objects = {

/* Begin PBXBuildFile section */
		69A9339B1CE37CEA00126994 /* HWMainViewController.m in Sources */ = {isa = PBXBuildFile; fileRef = 69A9339A1CE37CEA00126994 /* HWMainViewController.m */; };
		69A933A71CE4D78600126994 /* HWSearchingViewController.m in Sources */ = {isa = PBXBuildFile; fileRef = 69A933A61CE4D78600126994 /* HWSearchingViewController.m */; };
		69A933AA1CE4D7CA00126994 /* HWEnrollTicketViewController.m in Sources */ = {isa = PBXBuildFile; fileRef = 69A933A91CE4D7CA00126994 /* HWEnrollTicketViewController.m */; };
		69A933AD1CE4D81100126994 /* HWUserSettingViewController.m in Sources */ = {isa = PBXBuildFile; fileRef = 69A933AC1CE4D81100126994 /* HWUserSettingViewController.m */; };
		69A933B91CE79F9200126994 /* UIButton+Addition.m in Sources */ = {isa = PBXBuildFile; fileRef = 69A933B81CE79F9200126994 /* UIButton+Addition.m */; };
		69A933BD1CEB4DBD00126994 /* HWSearchingTableViewCell.m in Sources */ = {isa = PBXBuildFile; fileRef = 69A933BC1CEB4DBD00126994 /* HWSearchingTableViewCell.m */; };
		69A933C01CEB5F7E00126994 /* HWSearchingCategory.m in Sources */ = {isa = PBXBuildFile; fileRef = 69A933BF1CEB5F7E00126994 /* HWSearchingCategory.m */; };
		69A9E3401CEC59D600ED0019 /* HWResultTicketVeiwController.m in Sources */ = {isa = PBXBuildFile; fileRef = 69A9E33F1CEC59D600ED0019 /* HWResultTicketVeiwController.m */; };
		69A9E3431CEC65CE00ED0019 /* HWTicket.m in Sources */ = {isa = PBXBuildFile; fileRef = 69A9E3421CEC65CE00ED0019 /* HWTicket.m */; };
		69A9E34C1CECFF5F00ED0019 /* HWPaymentViewController.m in Sources */ = {isa = PBXBuildFile; fileRef = 69A9E34B1CECFF5F00ED0019 /* HWPaymentViewController.m */; };
		69A9E3521CEDC68000ED0019 /* Images.xcassets in Resources */ = {isa = PBXBuildFile; fileRef = 69A9E3511CEDC68000ED0019 /* Images.xcassets */; };
		69FA9D491CE240960008F5C8 /* KakaoOpenSDK.framework in Frameworks */ = {isa = PBXBuildFile; fileRef = 69FA9D481CE240960008F5C8 /* KakaoOpenSDK.framework */; };
		BA40239E1CE2170700C6C12A /* main.m in Sources */ = {isa = PBXBuildFile; fileRef = BA40239D1CE2170700C6C12A /* main.m */; };
		BA4023A11CE2170700C6C12A /* AppDelegate.m in Sources */ = {isa = PBXBuildFile; fileRef = BA4023A01CE2170700C6C12A /* AppDelegate.m */; };
		BA4023A41CE2170700C6C12A /* HWViewController.m in Sources */ = {isa = PBXBuildFile; fileRef = BA4023A31CE2170700C6C12A /* HWViewController.m */; };
		BA4023A71CE2170700C6C12A /* Main.storyboard in Resources */ = {isa = PBXBuildFile; fileRef = BA4023A51CE2170700C6C12A /* Main.storyboard */; };
		BA4023A91CE2170700C6C12A /* Assets.xcassets in Resources */ = {isa = PBXBuildFile; fileRef = BA4023A81CE2170700C6C12A /* Assets.xcassets */; };
		BA4023AC1CE2170700C6C12A /* LaunchScreen.storyboard in Resources */ = {isa = PBXBuildFile; fileRef = BA4023AA1CE2170700C6C12A /* LaunchScreen.storyboard */; };
/* End PBXBuildFile section */

/* Begin PBXFileReference section */
		69A933991CE37CEA00126994 /* HWMainViewController.h */ = {isa = PBXFileReference; fileEncoding = 4; lastKnownFileType = sourcecode.c.h; path = HWMainViewController.h; sourceTree = "<group>"; };
		69A9339A1CE37CEA00126994 /* HWMainViewController.m */ = {isa = PBXFileReference; fileEncoding = 4; lastKnownFileType = sourcecode.c.objc; path = HWMainViewController.m; sourceTree = "<group>"; };
		69A933A51CE4D78600126994 /* HWSearchingViewController.h */ = {isa = PBXFileReference; fileEncoding = 4; lastKnownFileType = sourcecode.c.h; path = HWSearchingViewController.h; sourceTree = "<group>"; };
		69A933A61CE4D78600126994 /* HWSearchingViewController.m */ = {isa = PBXFileReference; fileEncoding = 4; lastKnownFileType = sourcecode.c.objc; path = HWSearchingViewController.m; sourceTree = "<group>"; };
		69A933A81CE4D7CA00126994 /* HWEnrollTicketViewController.h */ = {isa = PBXFileReference; fileEncoding = 4; lastKnownFileType = sourcecode.c.h; path = HWEnrollTicketViewController.h; sourceTree = "<group>"; };
		69A933A91CE4D7CA00126994 /* HWEnrollTicketViewController.m */ = {isa = PBXFileReference; fileEncoding = 4; lastKnownFileType = sourcecode.c.objc; path = HWEnrollTicketViewController.m; sourceTree = "<group>"; };
		69A933AB1CE4D81100126994 /* HWUserSettingViewController.h */ = {isa = PBXFileReference; fileEncoding = 4; lastKnownFileType = sourcecode.c.h; path = HWUserSettingViewController.h; sourceTree = "<group>"; };
		69A933AC1CE4D81100126994 /* HWUserSettingViewController.m */ = {isa = PBXFileReference; fileEncoding = 4; lastKnownFileType = sourcecode.c.objc; path = HWUserSettingViewController.m; sourceTree = "<group>"; };
		69A933B71CE79F9200126994 /* UIButton+Addition.h */ = {isa = PBXFileReference; fileEncoding = 4; lastKnownFileType = sourcecode.c.h; path = "UIButton+Addition.h"; sourceTree = "<group>"; };
		69A933B81CE79F9200126994 /* UIButton+Addition.m */ = {isa = PBXFileReference; fileEncoding = 4; lastKnownFileType = sourcecode.c.objc; path = "UIButton+Addition.m"; sourceTree = "<group>"; };
		69A933BB1CEB4DBD00126994 /* HWSearchingTableViewCell.h */ = {isa = PBXFileReference; fileEncoding = 4; lastKnownFileType = sourcecode.c.h; path = HWSearchingTableViewCell.h; sourceTree = "<group>"; };
		69A933BC1CEB4DBD00126994 /* HWSearchingTableViewCell.m */ = {isa = PBXFileReference; fileEncoding = 4; lastKnownFileType = sourcecode.c.objc; path = HWSearchingTableViewCell.m; sourceTree = "<group>"; };
		69A933BE1CEB5F7E00126994 /* HWSearchingCategory.h */ = {isa = PBXFileReference; fileEncoding = 4; lastKnownFileType = sourcecode.c.h; path = HWSearchingCategory.h; sourceTree = "<group>"; };
		69A933BF1CEB5F7E00126994 /* HWSearchingCategory.m */ = {isa = PBXFileReference; fileEncoding = 4; lastKnownFileType = sourcecode.c.objc; path = HWSearchingCategory.m; sourceTree = "<group>"; };
		69A9E33E1CEC59D600ED0019 /* HWResultTicketVeiwController.h */ = {isa = PBXFileReference; fileEncoding = 4; lastKnownFileType = sourcecode.c.h; path = HWResultTicketVeiwController.h; sourceTree = "<group>"; };
		69A9E33F1CEC59D600ED0019 /* HWResultTicketVeiwController.m */ = {isa = PBXFileReference; fileEncoding = 4; lastKnownFileType = sourcecode.c.objc; path = HWResultTicketVeiwController.m; sourceTree = "<group>"; };
		69A9E3411CEC65CE00ED0019 /* HWTicket.h */ = {isa = PBXFileReference; fileEncoding = 4; lastKnownFileType = sourcecode.c.h; path = HWTicket.h; sourceTree = "<group>"; };
		69A9E3421CEC65CE00ED0019 /* HWTicket.m */ = {isa = PBXFileReference; fileEncoding = 4; lastKnownFileType = sourcecode.c.objc; path = HWTicket.m; sourceTree = "<group>"; };
		69A9E34A1CECFF5F00ED0019 /* HWPaymentViewController.h */ = {isa = PBXFileReference; fileEncoding = 4; lastKnownFileType = sourcecode.c.h; path = HWPaymentViewController.h; sourceTree = "<group>"; };
		69A9E34B1CECFF5F00ED0019 /* HWPaymentViewController.m */ = {isa = PBXFileReference; fileEncoding = 4; lastKnownFileType = sourcecode.c.objc; path = HWPaymentViewController.m; sourceTree = "<group>"; };
		69A9E3511CEDC68000ED0019 /* Images.xcassets */ = {isa = PBXFileReference; lastKnownFileType = folder.assetcatalog; path = Images.xcassets; sourceTree = "<group>"; };
		69FA9D481CE240960008F5C8 /* KakaoOpenSDK.framework */ = {isa = PBXFileReference; lastKnownFileType = wrapper.framework; name = KakaoOpenSDK.framework; path = CinemaParadise/KakaoOpenSDK.framework; sourceTree = "<group>"; };
		BA4023991CE2170700C6C12A /* CinemaParadise.app */ = {isa = PBXFileReference; explicitFileType = wrapper.application; includeInIndex = 0; path = CinemaParadise.app; sourceTree = BUILT_PRODUCTS_DIR; };
		BA40239D1CE2170700C6C12A /* main.m */ = {isa = PBXFileReference; lastKnownFileType = sourcecode.c.objc; path = main.m; sourceTree = "<group>"; };
		BA40239F1CE2170700C6C12A /* AppDelegate.h */ = {isa = PBXFileReference; lastKnownFileType = sourcecode.c.h; path = AppDelegate.h; sourceTree = "<group>"; };
		BA4023A01CE2170700C6C12A /* AppDelegate.m */ = {isa = PBXFileReference; lastKnownFileType = sourcecode.c.objc; path = AppDelegate.m; sourceTree = "<group>"; };
		BA4023A21CE2170700C6C12A /* HWViewController.h */ = {isa = PBXFileReference; lastKnownFileType = sourcecode.c.h; path = HWViewController.h; sourceTree = "<group>"; };
		BA4023A31CE2170700C6C12A /* HWViewController.m */ = {isa = PBXFileReference; lastKnownFileType = sourcecode.c.objc; path = HWViewController.m; sourceTree = "<group>"; };
		BA4023A61CE2170700C6C12A /* Base */ = {isa = PBXFileReference; lastKnownFileType = file.storyboard; name = Base; path = Base.lproj/Main.storyboard; sourceTree = "<group>"; };
		BA4023A81CE2170700C6C12A /* Assets.xcassets */ = {isa = PBXFileReference; lastKnownFileType = folder.assetcatalog; path = Assets.xcassets; sourceTree = "<group>"; };
		BA4023AB1CE2170700C6C12A /* Base */ = {isa = PBXFileReference; lastKnownFileType = file.storyboard; name = Base; path = Base.lproj/LaunchScreen.storyboard; sourceTree = "<group>"; };
		BA4023AD1CE2170700C6C12A /* Info.plist */ = {isa = PBXFileReference; lastKnownFileType = text.plist.xml; path = Info.plist; sourceTree = "<group>"; };
/* End PBXFileReference section */

/* Begin PBXFrameworksBuildPhase section */
		BA4023961CE2170700C6C12A /* Frameworks */ = {
			isa = PBXFrameworksBuildPhase;
			buildActionMask = 2147483647;
			files = (
				69FA9D491CE240960008F5C8 /* KakaoOpenSDK.framework in Frameworks */,
			);
			runOnlyForDeploymentPostprocessing = 0;
		};
/* End PBXFrameworksBuildPhase section */

/* Begin PBXGroup section */
		69FA9D4A1CE24E210008F5C8 /* Frameworks */ = {
			isa = PBXGroup;
			children = (
				69FA9D481CE240960008F5C8 /* KakaoOpenSDK.framework */,
			);
			name = Frameworks;
			path = ..;
			sourceTree = "<group>";
		};
		BA4023901CE2170700C6C12A = {
			isa = PBXGroup;
			children = (
				BA40239B1CE2170700C6C12A /* CinemaParadise */,
				BA40239A1CE2170700C6C12A /* Products */,
			);
			sourceTree = "<group>";
		};
		BA40239A1CE2170700C6C12A /* Products */ = {
			isa = PBXGroup;
			children = (
				BA4023991CE2170700C6C12A /* CinemaParadise.app */,
			);
			name = Products;
			sourceTree = "<group>";
		};
		BA40239B1CE2170700C6C12A /* CinemaParadise */ = {
			isa = PBXGroup;
			children = (
				BA40239F1CE2170700C6C12A /* AppDelegate.h */,
				BA4023A01CE2170700C6C12A /* AppDelegate.m */,
				BA4023A21CE2170700C6C12A /* HWViewController.h */,
				BA4023A31CE2170700C6C12A /* HWViewController.m */,
				69A933991CE37CEA00126994 /* HWMainViewController.h */,
				69A9339A1CE37CEA00126994 /* HWMainViewController.m */,
				69A933AB1CE4D81100126994 /* HWUserSettingViewController.h */,
				69A933AC1CE4D81100126994 /* HWUserSettingViewController.m */,
				69A933A81CE4D7CA00126994 /* HWEnrollTicketViewController.h */,
				69A933A91CE4D7CA00126994 /* HWEnrollTicketViewController.m */,
				69A933A51CE4D78600126994 /* HWSearchingViewController.h */,
				69A933A61CE4D78600126994 /* HWSearchingViewController.m */,
				69A933BB1CEB4DBD00126994 /* HWSearchingTableViewCell.h */,
				69A933BC1CEB4DBD00126994 /* HWSearchingTableViewCell.m */,
				69A933BE1CEB5F7E00126994 /* HWSearchingCategory.h */,
				69A933BF1CEB5F7E00126994 /* HWSearchingCategory.m */,
				69A9E33E1CEC59D600ED0019 /* HWResultTicketVeiwController.h */,
				69A9E33F1CEC59D600ED0019 /* HWResultTicketVeiwController.m */,
				69A9E3411CEC65CE00ED0019 /* HWTicket.h */,
				69A9E3421CEC65CE00ED0019 /* HWTicket.m */,
				69A9E34A1CECFF5F00ED0019 /* HWPaymentViewController.h */,
				69A9E34B1CECFF5F00ED0019 /* HWPaymentViewController.m */,
				69A933B71CE79F9200126994 /* UIButton+Addition.h */,
				69A933B81CE79F9200126994 /* UIButton+Addition.m */,
				BA4023A51CE2170700C6C12A /* Main.storyboard */,
				BA4023A81CE2170700C6C12A /* Assets.xcassets */,
				BA4023AA1CE2170700C6C12A /* LaunchScreen.storyboard */,
				69FA9D4A1CE24E210008F5C8 /* Frameworks */,
				69A9E3511CEDC68000ED0019 /* Images.xcassets */,
				BA40239C1CE2170700C6C12A /* Supporting Files */,
			);
			path = CinemaParadise;
			sourceTree = "<group>";
		};
		BA40239C1CE2170700C6C12A /* Supporting Files */ = {
			isa = PBXGroup;
			children = (
				BA4023AD1CE2170700C6C12A /* Info.plist */,
				BA40239D1CE2170700C6C12A /* main.m */,
			);
			name = "Supporting Files";
			sourceTree = "<group>";
		};
/* End PBXGroup section */

/* Begin PBXNativeTarget section */
		BA4023981CE2170700C6C12A /* CinemaParadise */ = {
			isa = PBXNativeTarget;
			buildConfigurationList = BA4023B01CE2170700C6C12A /* Build configuration list for PBXNativeTarget "CinemaParadise" */;
			buildPhases = (
				BA4023951CE2170700C6C12A /* Sources */,
				BA4023961CE2170700C6C12A /* Frameworks */,
				BA4023971CE2170700C6C12A /* Resources */,
			);
			buildRules = (
			);
			dependencies = (
			);
			name = CinemaParadise;
			productName = CinemaParadise;
			productReference = BA4023991CE2170700C6C12A /* CinemaParadise.app */;
			productType = "com.apple.product-type.application";
		};
/* End PBXNativeTarget section */

/* Begin PBXProject section */
		BA4023911CE2170700C6C12A /* Project object */ = {
			isa = PBXProject;
			attributes = {
				LastUpgradeCheck = 0730;
				ORGANIZATIONNAME = GraceLilac;
				TargetAttributes = {
					BA4023981CE2170700C6C12A = {
						CreatedOnToolsVersion = 7.3;
					};
				};
			};
			buildConfigurationList = BA4023941CE2170700C6C12A /* Build configuration list for PBXProject "CinemaParadise" */;
			compatibilityVersion = "Xcode 3.2";
			developmentRegion = English;
			hasScannedForEncodings = 0;
			knownRegions = (
				en,
				Base,
			);
			mainGroup = BA4023901CE2170700C6C12A;
			productRefGroup = BA40239A1CE2170700C6C12A /* Products */;
			projectDirPath = "";
			projectRoot = "";
			targets = (
				BA4023981CE2170700C6C12A /* CinemaParadise */,
			);
		};
/* End PBXProject section */

/* Begin PBXResourcesBuildPhase section */
		BA4023971CE2170700C6C12A /* Resources */ = {
			isa = PBXResourcesBuildPhase;
			buildActionMask = 2147483647;
			files = (
				BA4023AC1CE2170700C6C12A /* LaunchScreen.storyboard in Resources */,
				69A9E3521CEDC68000ED0019 /* Images.xcassets in Resources */,
				BA4023A91CE2170700C6C12A /* Assets.xcassets in Resources */,
				BA4023A71CE2170700C6C12A /* Main.storyboard in Resources */,
			);
			runOnlyForDeploymentPostprocessing = 0;
		};
/* End PBXResourcesBuildPhase section */

/* Begin PBXSourcesBuildPhase section */
		BA4023951CE2170700C6C12A /* Sources */ = {
			isa = PBXSourcesBuildPhase;
			buildActionMask = 2147483647;
			files = (
				69A9E3431CEC65CE00ED0019 /* HWTicket.m in Sources */,
				69A933AA1CE4D7CA00126994 /* HWEnrollTicketViewController.m in Sources */,
				BA4023A41CE2170700C6C12A /* HWViewController.m in Sources */,
				69A9E34C1CECFF5F00ED0019 /* HWPaymentViewController.m in Sources */,
				BA4023A11CE2170700C6C12A /* AppDelegate.m in Sources */,
				BA40239E1CE2170700C6C12A /* main.m in Sources */,
				69A933A71CE4D78600126994 /* HWSearchingViewController.m in Sources */,
				69A933BD1CEB4DBD00126994 /* HWSearchingTableViewCell.m in Sources */,
				69A933AD1CE4D81100126994 /* HWUserSettingViewController.m in Sources */,
				69A9E3401CEC59D600ED0019 /* HWResultTicketVeiwController.m in Sources */,
				69A933C01CEB5F7E00126994 /* HWSearchingCategory.m in Sources */,
				69A9339B1CE37CEA00126994 /* HWMainViewController.m in Sources */,
				69A933B91CE79F9200126994 /* UIButton+Addition.m in Sources */,
			);
			runOnlyForDeploymentPostprocessing = 0;
		};
/* End PBXSourcesBuildPhase section */

/* Begin PBXVariantGroup section */
		BA4023A51CE2170700C6C12A /* Main.storyboard */ = {
			isa = PBXVariantGroup;
			children = (
				BA4023A61CE2170700C6C12A /* Base */,
			);
			name = Main.storyboard;
			sourceTree = "<group>";
		};
		BA4023AA1CE2170700C6C12A /* LaunchScreen.storyboard */ = {
			isa = PBXVariantGroup;
			children = (
				BA4023AB1CE2170700C6C12A /* Base */,
			);
			name = LaunchScreen.storyboard;
			sourceTree = "<group>";
		};
/* End PBXVariantGroup section */

/* Begin XCBuildConfiguration section */
		BA4023AE1CE2170700C6C12A /* Debug */ = {
			isa = XCBuildConfiguration;
			buildSettings = {
				ALWAYS_SEARCH_USER_PATHS = NO;
				CLANG_ANALYZER_NONNULL = YES;
				CLANG_CXX_LANGUAGE_STANDARD = "gnu++0x";
				CLANG_CXX_LIBRARY = "libc++";
				CLANG_ENABLE_MODULES = YES;
				CLANG_ENABLE_OBJC_ARC = YES;
				CLANG_WARN_BOOL_CONVERSION = YES;
				CLANG_WARN_CONSTANT_CONVERSION = YES;
				CLANG_WARN_DIRECT_OBJC_ISA_USAGE = YES_ERROR;
				CLANG_WARN_EMPTY_BODY = YES;
				CLANG_WARN_ENUM_CONVERSION = YES;
				CLANG_WARN_INT_CONVERSION = YES;
				CLANG_WARN_OBJC_ROOT_CLASS = YES_ERROR;
				CLANG_WARN_UNREACHABLE_CODE = YES;
				CLANG_WARN__DUPLICATE_METHOD_MATCH = YES;
				"CODE_SIGN_IDENTITY[sdk=iphoneos*]" = "iPhone Developer";
				COPY_PHASE_STRIP = NO;
				DEBUG_INFORMATION_FORMAT = dwarf;
				ENABLE_STRICT_OBJC_MSGSEND = YES;
				ENABLE_TESTABILITY = YES;
				GCC_C_LANGUAGE_STANDARD = gnu99;
				GCC_DYNAMIC_NO_PIC = NO;
				GCC_NO_COMMON_BLOCKS = YES;
				GCC_OPTIMIZATION_LEVEL = 0;
				GCC_PREPROCESSOR_DEFINITIONS = (
					"DEBUG=1",
					"$(inherited)",
				);
				GCC_WARN_64_TO_32_BIT_CONVERSION = YES;
				GCC_WARN_ABOUT_RETURN_TYPE = YES_ERROR;
				GCC_WARN_UNDECLARED_SELECTOR = YES;
				GCC_WARN_UNINITIALIZED_AUTOS = YES_AGGRESSIVE;
				GCC_WARN_UNUSED_FUNCTION = YES;
				GCC_WARN_UNUSED_VARIABLE = YES;
				IPHONEOS_DEPLOYMENT_TARGET = 9.3;
				MTL_ENABLE_DEBUG_INFO = YES;
				ONLY_ACTIVE_ARCH = YES;
				SDKROOT = iphoneos;
				TARGETED_DEVICE_FAMILY = "1,2";
			};
			name = Debug;
		};
		BA4023AF1CE2170700C6C12A /* Release */ = {
			isa = XCBuildConfiguration;
			buildSettings = {
				ALWAYS_SEARCH_USER_PATHS = NO;
				CLANG_ANALYZER_NONNULL = YES;
				CLANG_CXX_LANGUAGE_STANDARD = "gnu++0x";
				CLANG_CXX_LIBRARY = "libc++";
				CLANG_ENABLE_MODULES = YES;
				CLANG_ENABLE_OBJC_ARC = YES;
				CLANG_WARN_BOOL_CONVERSION = YES;
				CLANG_WARN_CONSTANT_CONVERSION = YES;
				CLANG_WARN_DIRECT_OBJC_ISA_USAGE = YES_ERROR;
				CLANG_WARN_EMPTY_BODY = YES;
				CLANG_WARN_ENUM_CONVERSION = YES;
				CLANG_WARN_INT_CONVERSION = YES;
				CLANG_WARN_OBJC_ROOT_CLASS = YES_ERROR;
				CLANG_WARN_UNREACHABLE_CODE = YES;
				CLANG_WARN__DUPLICATE_METHOD_MATCH = YES;
				"CODE_SIGN_IDENTITY[sdk=iphoneos*]" = "iPhone Developer";
				COPY_PHASE_STRIP = NO;
				DEBUG_INFORMATION_FORMAT = "dwarf-with-dsym";
				ENABLE_NS_ASSERTIONS = NO;
				ENABLE_STRICT_OBJC_MSGSEND = YES;
				GCC_C_LANGUAGE_STANDARD = gnu99;
				GCC_NO_COMMON_BLOCKS = YES;
				GCC_WARN_64_TO_32_BIT_CONVERSION = YES;
				GCC_WARN_ABOUT_RETURN_TYPE = YES_ERROR;
				GCC_WARN_UNDECLARED_SELECTOR = YES;
				GCC_WARN_UNINITIALIZED_AUTOS = YES_AGGRESSIVE;
				GCC_WARN_UNUSED_FUNCTION = YES;
				GCC_WARN_UNUSED_VARIABLE = YES;
				IPHONEOS_DEPLOYMENT_TARGET = 9.3;
				MTL_ENABLE_DEBUG_INFO = NO;
				SDKROOT = iphoneos;
				TARGETED_DEVICE_FAMILY = "1,2";
				VALIDATE_PRODUCT = YES;
			};
			name = Release;
		};
		BA4023B11CE2170700C6C12A /* Debug */ = {
			isa = XCBuildConfiguration;
			buildSettings = {
				ASSETCATALOG_COMPILER_APPICON_NAME = AppIcon;
				ASSETCATALOG_COMPILER_LAUNCHIMAGE_NAME = LaunchImage;
				FRAMEWORK_SEARCH_PATHS = (
					"$(inherited)",
					"$(PROJECT_DIR)/CinemaParadise",
				);
				INFOPLIST_FILE = CinemaParadise/Info.plist;
				LD_RUNPATH_SEARCH_PATHS = "$(inherited) @executable_path/Frameworks";
				New_Setting = "";
				OTHER_LDFLAGS = "-all_load";
				PRODUCT_BUNDLE_IDENTIFIER = com.gracelilac.CinemaParadise;
				PRODUCT_NAME = "$(TARGET_NAME)";
			};
			name = Debug;
		};
		BA4023B21CE2170700C6C12A /* Release */ = {
			isa = XCBuildConfiguration;
			buildSettings = {
				ASSETCATALOG_COMPILER_APPICON_NAME = AppIcon;
				ASSETCATALOG_COMPILER_LAUNCHIMAGE_NAME = LaunchImage;
				FRAMEWORK_SEARCH_PATHS = (
					"$(inherited)",
					"$(PROJECT_DIR)/CinemaParadise",
				);
				INFOPLIST_FILE = CinemaParadise/Info.plist;
				LD_RUNPATH_SEARCH_PATHS = "$(inherited) @executable_path/Frameworks";
				New_Setting = "";
				OTHER_LDFLAGS = "-all_load";
				PRODUCT_BUNDLE_IDENTIFIER = com.gracelilac.CinemaParadise;
				PRODUCT_NAME = "$(TARGET_NAME)";
			};
			name = Release;
		};
/* End XCBuildConfiguration section */

/* Begin XCConfigurationList section */
		BA4023941CE2170700C6C12A /* Build configuration list for PBXProject "CinemaParadise" */ = {
			isa = XCConfigurationList;
			buildConfigurations = (
				BA4023AE1CE2170700C6C12A /* Debug */,
				BA4023AF1CE2170700C6C12A /* Release */,
			);
			defaultConfigurationIsVisible = 0;
			defaultConfigurationName = Release;
		};
		BA4023B01CE2170700C6C12A /* Build configuration list for PBXNativeTarget "CinemaParadise" */ = {
			isa = XCConfigurationList;
			buildConfigurations = (
				BA4023B11CE2170700C6C12A /* Debug */,
				BA4023B21CE2170700C6C12A /* Release */,
			);
			defaultConfigurationIsVisible = 0;
			defaultConfigurationName = Release;
		};
/* End XCConfigurationList section */
	};
	rootObject = BA4023911CE2170700C6C12A /* Project object */;
}
